
Microsoft Visual Studio Solution File, Format Version 12.00
# Visual Studio Version 16
VisualStudioVersion = 16.0.30503.244
MinimumVisualStudioVersion = 10.0.40219.1
Project("{8BC9CEB8-8B4A-11D0-8D11-00A0C91BC942}") = "GAME", "GAME.vcxproj", "{456FBB23-D75F-48B5-A580-E532BB6F8F96}"
EndProject
Global
	GlobalSection(SolutionConfigurationPlatforms) = preSolution
		Debug|x64 = Debug|x64
		Debug|x86 = Debug|x86
		Release|x64 = Release|x64
		Release|x86 = Release|x86
	EndGlobalSection
	GlobalSection(ProjectConfigurationPlatforms) = postSolution
		{456FBB23-D75F-48B5-A580-E532BB6F8F96}.Debug|x64.ActiveCfg = Debug|x64
		{456FBB23-D75F-48B5-A580-E532BB6F8F96}.Debug|x64.Build.0 = Debug|x64
		{456FBB23-D75F-48B5-A580-E532BB6F8F96}.Debug|x86.ActiveCfg = Debug|Win32
		{456FBB23-D75F-48B5-A580-E532BB6F8F96}.Debug|x86.Build.0 = Debug|Win32
		{456FBB23-D75F-48B5-A580-E532BB6F8F96}.Release|x64.ActiveCfg = Release|x64
		{456FBB23-D75F-48B5-A580-E532BB6F8F96}.Release|x64.Build.0 = Release|x64
		{456FBB23-D75F-48B5-A580-E532BB6F8F96}.Release|x86.ActiveCfg = Release|Win32
		{456FBB23-D75F-48B5-A580-E532BB6F8F96}.Release|x86.Build.0 = Release|Win32
	EndGlobalSection
	GlobalSection(SolutionProperties) = preSolution
		HideSolutionNode = FALSE
	EndGlobalSection
	GlobalSection(ExtensibilityGlobals) = postSolution
		SolutionGuid = {3F31E3F7-2C38-40D7-BB35-F1E840F5EA9A}
	EndGlobalSection
EndGlobal
