<?xml version="1.0" encoding="utf-8"?>
<Project ToolsVersion="4.0" xmlns="http://schemas.microsoft.com/developer/msbuild/2003">
  <ItemGroup>
    <ClCompile Include="src\\**\*.*" />
    <ClCompile Include="src\\**\*.*" />
    <ClCompile Include="src\\**\*.*" />
    <ClCompile Include="src\\**\*.*" />
    <ClCompile Include="src\\**\*.*" />
    <ClCompile Include="src\\**\*.*" />
    <ClCompile Include="src\\**\*.*" />
    <ClCompile Include="src\\**\*.*" />
    <ClCompile Include="src\\**\*.*" />
    <ClCompile Include="src\\**\*.*" />
    <ClCompile Include="src\\**\*.*" />
    <ClCompile Include="src\\**\*.*" />
    <ClCompile Include="src\\**\*.*" />
    <ClCompile Include="src\\**\*.*" />
    <ClCompile Include="src\\**\*.*" />
    <ClCompile Include="src\\**\*.*" />
    <ClCompile Include="src\\**\*.*" />
    <ClCompile Include="src\\**\*.*" />
    <ClCompile Include="src\\**\*.*" />
    <ClCompile Include="src\\**\*.*" />
    <ClCompile Include="src\\**\*.*" />
    <ClCompile Include="src\\**\*.*" />
    <ClCompile Include="src\\**\*.*" />
  </ItemGroup>
  <ItemGroup>
    <ClInclude Include="include\\**\*.*" />
    <ClInclude Include="include\\**\*.*" />
    <ClInclude Include="include\\**\*.*" />
    <ClInclude Include="include\\**\*.*" />
    <ClInclude Include="include\\**\*.*" />
    <ClInclude Include="include\\**\*.*" />
    <ClInclude Include="include\\**\*.*" />
    <ClInclude Include="include\\**\*.*" />
    <ClInclude Include="include\\**\*.*" />
    <ClInclude Include="include\\**\*.*" />
    <ClInclude Include="include\\**\*.*" />
    <ClInclude Include="include\\**\*.*" />
    <ClInclude Include="include\\**\*.*" />
    <ClInclude Include="include\\**\*.*" />
    <ClInclude Include="include\\**\*.*" />
    <ClInclude Include="include\\**\*.*" />
    <ClInclude Include="include\\**\*.*" />
    <ClInclude Include="include\\**\*.*" />
    <ClInclude Include="include\\**\*.*" />
    <ClInclude Include="include\\**\*.*" />
    <ClInclude Include="include\\**\*.*" />
    <ClInclude Include="include\\**\*.*" />
    <ClInclude Include="include\\**\*.*" />
    <ClInclude Include="include\\**\*.*" />
    <ClInclude Include="include\\**\*.*" />
    <ClInclude Include="include\\**\*.*" />
    <ClInclude Include="include\\**\*.*" />
    <ClInclude Include="include\\**\*.*" />
    <ClInclude Include="include\\**\*.*" />
    <ClInclude Include="include\\**\*.*" />
    <ClInclude Include="include\\**\*.*" />
    <ClInclude Include="include\\**\*.*" />
    <ClInclude Include="include\\**\*.*" />
    <ClInclude Include="include\\**\*.*" />
    <ClInclude Include="include\\**\*.*" />
    <ClInclude Include="include\\**\*.*" />
    <ClInclude Include="include\\**\*.*" />
    <ClInclude Include="include\\**\*.*" />
    <ClInclude Include="include\\**\*.*" />
    <ClInclude Include="include\\**\*.*" />
    <ClInclude Include="include\\**\*.*" />
    <ClInclude Include="include\\**\*.*" />
    <ClInclude Include="include\\**\*.*" />
    <ClInclude Include="include\\**\*.*" />
    <ClInclude Include="include\\**\*.*" />
    <ClInclude Include="include\\**\*.*" />
    <ClInclude Include="include\\**\*.*" />
    <ClInclude Include="include\\**\*.*" />
    <ClInclude Include="include\\**\*.*" />
    <ClInclude Include="include\\**\*.*" />
    <ClInclude Include="include\\**\*.*" />
    <ClInclude Include="include\\**\*.*" />
    <ClInclude Include="include\\**\*.*" />
    <ClInclude Include="include\\**\*.*" />
    <ClInclude Include="include\\**\*.*" />
    <ClInclude Include="include\\**\*.*" />
    <ClInclude Include="include\\**\*.*" />
    <ClInclude Include="include\\**\*.*" />
    <ClInclude Include="include\\**\*.*" />
    <ClInclude Include="include\\**\*.*" />
    <ClInclude Include="include\\**\*.*" />
    <ClInclude Include="include\\**\*.*" />
    <ClInclude Include="include\\**\*.*" />
    <ClInclude Include="include\\**\*.*" />
    <ClInclude Include="include\\**\*.*" />
    <ClInclude Include="include\\**\*.*" />
    <ClInclude Include="include\\**\*.*" />
    <ClInclude Include="include\\**\*.*" />
    <ClInclude Include="include\\**\*.*" />
    <ClInclude Include="include\\**\*.*" />
    <ClInclude Include="include\\**\*.*" />
    <ClInclude Include="include\\**\*.*" />
    <ClInclude Include="include\\**\*.*" />
    <ClInclude Include="include\\**\*.*" />
    <ClInclude Include="include\\**\*.*" />
    <ClInclude Include="include\\**\*.*" />
    <ClInclude Include="include\\**\*.*" />
    <ClInclude Include="include\\**\*.*" />
    <ClInclude Include="include\\**\*.*" />
    <ClInclude Include="include\\**\*.*" />
    <ClInclude Include="include\\**\*.*" />
    <ClInclude Include="include\\**\*.*" />
    <ClInclude Include="include\\**\*.*" />
    <ClInclude Include="include\\**\*.*" />
    <ClInclude Include="include\\**\*.*" />
    <ClInclude Include="include\\**\*.*" />
    <ClInclude Include="include\\**\*.*" />
    <ClInclude Include="include\\**\*.*" />
    <ClInclude Include="include\\**\*.*" />
    <ClInclude Include="include\\**\*.*" />
    <ClInclude Include="include\\**\*.*" />
    <ClInclude Include="include\\**\*.*" />
    <ClInclude Include="include\\**\*.*" />
    <ClInclude Include="include\\**\*.*" />
    <ClInclude Include="include\\**\*.*" />
    <ClInclude Include="include\\**\*.*" />
    <ClInclude Include="include\\**\*.*" />
    <ClInclude Include="include\\**\*.*" />
    <ClInclude Include="include\\**\*.*" />
    <ClInclude Include="include\\**\*.*" />
    <ClInclude Include="include\\**\*.*" />
    <ClInclude Include="include\\**\*.*" />
    <ClInclude Include="include\\**\*.*" />
    <ClInclude Include="include\\**\*.*" />
    <ClInclude Include="include\\**\*.*" />
    <ClInclude Include="include\\**\*.*" />
    <ClInclude Include="include\\**\*.*" />
    <ClInclude Include="include\\**\*.*" />
    <ClInclude Include="include\\**\*.*" />
    <ClInclude Include="include\\**\*.*" />
    <ClInclude Include="include\\**\*.*" />
    <ClInclude Include="include\\**\*.*" />
    <ClInclude Include="include\\**\*.*" />
    <ClInclude Include="include\\**\*.*" />
    <ClInclude Include="include\\**\*.*" />
    <ClInclude Include="include\\**\*.*" />
    <ClInclude Include="include\\**\*.*" />
    <ClInclude Include="include\\**\*.*" />
    <ClInclude Include="include\\**\*.*" />
    <ClInclude Include="include\\**\*.*" />
    <ClInclude Include="include\\**\*.*" />
    <ClInclude Include="include\\**\*.*" />
    <ClInclude Include="include\\**\*.*" />
    <ClInclude Include="include\\**\*.*" />
    <ClInclude Include="include\\**\*.*" />
    <ClInclude Include="include\\**\*.*" />
    <ClInclude Include="include\\**\*.*" />
    <ClInclude Include="include\\**\*.*" />
    <ClInclude Include="include\\**\*.*" />
    <ClInclude Include="include\\**\*.*" />
    <ClInclude Include="include\\**\*.*" />
    <ClInclude Include="include\\**\*.*" />
    <ClInclude Include="include\\**\*.*" />
    <ClInclude Include="include\\**\*.*" />
    <ClInclude Include="include\\**\*.*" />
    <ClInclude Include="include\\**\*.*" />
    <ClInclude Include="include\\**\*.*" />
    <ClInclude Include="include\\**\*.*" />
    <ClInclude Include="include\\**\*.*" />
    <ClInclude Include="include\\**\*.*" />
    <ClInclude Include="include\\**\*.*" />
    <ClInclude Include="include\\**\*.*" />
    <ClInclude Include="include\\**\*.*" />
    <ClInclude Include="include\\**\*.*" />
    <ClInclude Include="include\\**\*.*" />
    <ClInclude Include="include\\**\*.*" />
    <ClInclude Include="include\\**\*.*" />
    <ClInclude Include="include\\**\*.*" />
    <ClInclude Include="include\\**\*.*" />
    <ClInclude Include="include\\**\*.*" />
    <ClInclude Include="include\\**\*.*" />
    <ClInclude Include="include\\**\*.*" />
    <ClInclude Include="include\\**\*.*" />
    <ClInclude Include="include\\**\*.*" />
    <ClInclude Include="include\\**\*.*" />
    <ClInclude Include="include\\**\*.*" />
    <ClInclude Include="include\\**\*.*" />
    <ClInclude Include="include\\**\*.*" />
    <ClInclude Include="include\\**\*.*" />
    <ClInclude Include="include\\**\*.*" />
    <ClInclude Include="include\\**\*.*" />
    <ClInclude Include="include\\**\*.*" />
    <ClInclude Include="include\\**\*.*" />
    <ClInclude Include="include\\**\*.*" />
    <ClInclude Include="include\\**\*.*" />
    <ClInclude Include="include\\**\*.*" />
    <ClInclude Include="include\\**\*.*" />
    <ClInclude Include="include\\**\*.*" />
    <ClInclude Include="include\\**\*.*" />
    <ClInclude Include="include\\**\*.*" />
    <ClInclude Include="include\\**\*.*" />
    <ClInclude Include="include\\**\*.*" />
    <ClInclude Include="include\\**\*.*" />
    <ClInclude Include="include\\**\*.*" />
    <ClInclude Include="include\\**\*.*" />
    <ClInclude Include="include\\**\*.*" />
    <ClInclude Include="include\\**\*.*" />
    <ClInclude Include="include\\**\*.*" />
    <ClInclude Include="include\\**\*.*" />
    <ClInclude Include="include\\**\*.*" />
    <ClInclude Include="include\\**\*.*" />
    <ClInclude Include="include\\**\*.*" />
    <ClInclude Include="include\\**\*.*" />
    <ClInclude Include="include\\**\*.*" />
    <ClInclude Include="include\\**\*.*" />
    <ClInclude Include="include\\**\*.*" />
    <ClInclude Include="include\\**\*.*" />
    <ClInclude Include="include\\**\*.*" />
    <ClInclude Include="include\\**\*.*" />
    <ClInclude Include="include\\**\*.*" />
    <ClInclude Include="include\\**\*.*" />
    <ClInclude Include="include\\**\*.*" />
    <ClInclude Include="include\\**\*.*" />
    <ClInclude Include="include\\**\*.*" />
    <ClInclude Include="include\\**\*.*" />
    <ClInclude Include="include\\**\*.*" />
    <ClInclude Include="include\\**\*.*" />
    <ClInclude Include="include\\**\*.*" />
    <ClInclude Include="include\\**\*.*" />
    <ClInclude Include="include\\**\*.*" />
    <ClInclude Include="include\\**\*.*" />
    <ClInclude Include="include\\**\*.*" />
    <ClInclude Include="include\\**\*.*" />
    <ClInclude Include="include\\**\*.*" />
    <ClInclude Include="include\\**\*.*" />
    <ClInclude Include="include\\**\*.*" />
    <ClInclude Include="include\\**\*.*" />
    <ClInclude Include="include\\**\*.*" />
    <ClInclude Include="include\\**\*.*" />
    <ClInclude Include="include\\**\*.*" />
    <ClInclude Include="include\\**\*.*" />
    <ClInclude Include="include\\**\*.*" />
    <ClInclude Include="include\\**\*.*" />
    <ClInclude Include="include\\**\*.*" />
    <ClInclude Include="include\\**\*.*" />
    <ClInclude Include="include\\**\*.*" />
    <ClInclude Include="include\\**\*.*" />
    <ClInclude Include="include\\**\*.*" />
    <ClInclude Include="include\\**\*.*" />
    <ClInclude Include="include\\**\*.*" />
    <ClInclude Include="include\\**\*.*" />
    <ClInclude Include="include\\**\*.*" />
    <ClInclude Include="include\\**\*.*" />
    <ClInclude Include="include\\**\*.*" />
    <ClInclude Include="include\\**\*.*" />
    <ClInclude Include="include\\**\*.*" />
    <ClInclude Include="include\\**\*.*" />
    <ClInclude Include="include\\**\*.*" />
    <ClInclude Include="include\\**\*.*" />
    <ClInclude Include="include\\**\*.*" />
    <ClInclude Include="include\\**\*.*" />
    <ClInclude Include="include\\**\*.*" />
    <ClInclude Include="include\\**\*.*" />
    <ClInclude Include="include\\**\*.*" />
    <ClInclude Include="include\\**\*.*" />
    <ClInclude Include="include\\**\*.*" />
    <ClInclude Include="include\\**\*.*" />
    <ClInclude Include="include\\**\*.*" />
    <ClInclude Include="include\\**\*.*" />
    <ClInclude Include="include\\**\*.*" />
    <ClInclude Include="include\\**\*.*" />
    <ClInclude Include="include\\**\*.*" />
    <ClInclude Include="include\\**\*.*" />
    <ClInclude Include="include\\**\*.*" />
    <ClInclude Include="include\\**\*.*" />
    <ClInclude Include="include\\**\*.*" />
    <ClInclude Include="include\\**\*.*" />
    <ClInclude Include="include\\**\*.*" />
    <ClInclude Include="include\\**\*.*" />
    <ClInclude Include="include\\**\*.*" />
    <ClInclude Include="include\\**\*.*" />
    <ClInclude Include="include\\**\*.*" />
    <ClInclude Include="include\\**\*.*" />
    <ClInclude Include="include\\**\*.*" />
    <ClInclude Include="include\\**\*.*" />
    <ClInclude Include="include\\**\*.*" />
    <ClInclude Include="include\\**\*.*" />
    <ClInclude Include="include\\**\*.*" />
    <ClInclude Include="include\\**\*.*" />
    <ClInclude Include="include\\**\*.*" />
    <ClInclude Include="include\\**\*.*" />
    <ClInclude Include="include\\**\*.*" />
    <ClInclude Include="include\\**\*.*" />
    <ClInclude Include="include\\**\*.*" />
    <ClInclude Include="include\\**\*.*" />
    <ClInclude Include="include\\**\*.*" />
    <ClInclude Include="include\\**\*.*" />
    <ClInclude Include="include\\**\*.*" />
    <ClInclude Include="include\\**\*.*" />
    <ClInclude Include="include\\**\*.*" />
    <ClInclude Include="include\\**\*.*" />
    <ClInclude Include="include\\**\*.*" />
    <ClInclude Include="include\\**\*.*" />
    <ClInclude Include="include\\**\*.*" />
    <ClInclude Include="include\\**\*.*" />
    <ClInclude Include="include\\**\*.*" />
    <ClInclude Include="include\\**\*.*" />
    <ClInclude Include="include\\**\*.*" />
    <ClInclude Include="include\\**\*.*" />
    <ClInclude Include="include\\**\*.*" />
    <ClInclude Include="include\\**\*.*" />
    <ClInclude Include="include\\**\*.*" />
    <ClInclude Include="include\\**\*.*" />
    <ClInclude Include="include\\**\*.*" />
    <ClInclude Include="include\\**\*.*" />
    <ClInclude Include="include\\**\*.*" />
    <ClInclude Include="include\\**\*.*" />
    <ClInclude Include="include\\**\*.*" />
    <ClInclude Include="include\\**\*.*" />
    <ClInclude Include="include\\**\*.*" />
    <ClInclude Include="include\\**\*.*" />
    <ClInclude Include="include\\**\*.*" />
    <ClInclude Include="include\\**\*.*" />
    <ClInclude Include="include\\**\*.*" />
    <ClInclude Include="include\\**\*.*" />
    <ClInclude Include="include\\**\*.*" />
    <ClInclude Include="include\\**\*.*" />
    <ClInclude Include="include\\**\*.*" />
    <ClInclude Include="include\\**\*.*" />
    <ClInclude Include="include\\**\*.*" />
    <ClInclude Include="include\\**\*.*" />
    <ClInclude Include="include\\**\*.*" />
    <ClInclude Include="include\\**\*.*" />
    <ClInclude Include="include\\**\*.*" />
    <ClInclude Include="include\\**\*.*" />
    <ClInclude Include="include\\**\*.*" />
    <ClInclude Include="include\\**\*.*" />
    <ClInclude Include="include\\**\*.*" />
    <ClInclude Include="include\\**\*.*" />
    <ClInclude Include="include\\**\*.*" />
    <ClInclude Include="include\\**\*.*" />
    <ClInclude Include="include\\**\*.*" />
    <ClInclude Include="include\\**\*.*" />
    <ClInclude Include="include\\**\*.*" />
    <ClInclude Include="include\\**\*.*" />
    <ClInclude Include="include\\**\*.*" />
    <ClInclude Include="include\\**\*.*" />
    <ClInclude Include="include\\**\*.*" />
    <ClInclude Include="include\\**\*.*" />
    <ClInclude Include="include\\**\*.*" />
    <ClInclude Include="include\\**\*.*" />
    <ClInclude Include="include\\**\*.*" />
    <ClInclude Include="include\\**\*.*" />
    <ClInclude Include="include\\**\*.*" />
    <ClInclude Include="include\\**\*.*" />
    <ClInclude Include="include\\**\*.*" />
    <ClInclude Include="include\\**\*.*" />
    <ClInclude Include="include\\**\*.*" />
    <ClInclude Include="include\\**\*.*" />
    <ClInclude Include="include\\**\*.*" />
    <ClInclude Include="include\\**\*.*" />
    <ClInclude Include="include\\**\*.*" />
    <ClInclude Include="include\\**\*.*" />
    <ClInclude Include="include\\**\*.*" />
    <ClInclude Include="include\\**\*.*" />
    <ClInclude Include="include\\**\*.*" />
    <ClInclude Include="include\\**\*.*" />
    <ClInclude Include="include\\**\*.*" />
    <ClInclude Include="include\\**\*.*" />
    <ClInclude Include="include\\**\*.*" />
    <ClInclude Include="include\\**\*.*" />
    <ClInclude Include="include\\**\*.*" />
    <ClInclude Include="include\\**\*.*" />
    <ClInclude Include="include\\**\*.*" />
    <ClInclude Include="include\\**\*.*" />
    <ClInclude Include="include\\**\*.*" />
    <ClInclude Include="include\\**\*.*" />
    <ClInclude Include="include\\**\*.*" />
    <ClInclude Include="include\\**\*.*" />
    <ClInclude Include="include\\**\*.*" />
    <ClInclude Include="include\\**\*.*" />
    <ClInclude Include="include\\**\*.*" />
    <ClInclude Include="include\\**\*.*" />
    <ClInclude Include="include\\**\*.*" />
    <ClInclude Include="include\\**\*.*" />
    <ClInclude Include="include\\**\*.*" />
    <ClInclude Include="include\\**\*.*" />
    <ClInclude Include="include\\**\*.*" />
    <ClInclude Include="include\\**\*.*" />
    <ClInclude Include="include\\**\*.*" />
    <ClInclude Include="include\\**\*.*" />
    <ClInclude Include="include\\**\*.*" />
    <ClInclude Include="include\\**\*.*" />
    <ClInclude Include="include\\**\*.*" />
    <ClInclude Include="include\\**\*.*" />
    <ClInclude Include="include\\**\*.*" />
    <ClInclude Include="include\\**\*.*" />
    <ClInclude Include="include\\**\*.*" />
    <ClInclude Include="include\\**\*.*" />
    <ClInclude Include="include\\**\*.*" />
    <ClInclude Include="include\\**\*.*" />
    <ClInclude Include="include\\**\*.*" />
    <ClInclude Include="include\\**\*.*" />
    <ClInclude Include="include\\**\*.*" />
    <ClInclude Include="include\\**\*.*" />
    <ClInclude Include="include\\**\*.*" />
    <ClInclude Include="include\\**\*.*" />
    <ClInclude Include="include\\**\*.*" />
    <ClInclude Include="include\\**\*.*" />
    <ClInclude Include="include\\**\*.*" />
    <ClInclude Include="include\\**\*.*" />
    <ClInclude Include="include\\**\*.*" />
    <ClInclude Include="include\\**\*.*" />
    <ClInclude Include="include\\**\*.*" />
    <ClInclude Include="include\\**\*.*" />
    <ClInclude Include="include\\**\*.*" />
    <ClInclude Include="include\\**\*.*" />
    <ClInclude Include="include\\**\*.*" />
    <ClInclude Include="include\\**\*.*" />
    <ClInclude Include="include\\**\*.*" />
    <ClInclude Include="include\\**\*.*" />
    <ClInclude Include="include\\**\*.*" />
    <ClInclude Include="include\\**\*.*" />
    <ClInclude Include="include\\**\*.*" />
    <ClInclude Include="include\\**\*.*" />
    <ClInclude Include="include\\**\*.*" />
    <ClInclude Include="include\\**\*.*" />
    <ClInclude Include="include\\**\*.*" />
    <ClInclude Include="include\\**\*.*" />
    <ClInclude Include="include\\**\*.*" />
    <ClInclude Include="include\\**\*.*" />
    <ClInclude Include="include\\**\*.*" />
    <ClInclude Include="include\\**\*.*" />
    <ClInclude Include="include\\**\*.*" />
    <ClInclude Include="include\\**\*.*" />
    <ClInclude Include="include\\**\*.*" />
    <ClInclude Include="include\\**\*.*" />
    <ClInclude Include="include\\**\*.*" />
    <ClInclude Include="include\\**\*.*" />
    <ClInclude Include="include\\**\*.*" />
    <ClInclude Include="include\\**\*.*" />
    <ClInclude Include="include\\**\*.*" />
    <ClInclude Include="include\\**\*.*" />
    <ClInclude Include="include\\**\*.*" />
    <ClInclude Include="include\\**\*.*" />
    <ClInclude Include="include\\**\*.*" />
    <ClInclude Include="include\\**\*.*" />
    <ClInclude Include="include\\**\*.*" />
    <ClInclude Include="include\\**\*.*" />
    <ClInclude Include="include\\**\*.*" />
    <ClInclude Include="include\\**\*.*" />
    <ClInclude Include="include\\**\*.*" />
    <ClInclude Include="include\\**\*.*" />
    <ClInclude Include="include\\**\*.*" />
    <ClInclude Include="include\\**\*.*" />
    <ClInclude Include="include\\**\*.*" />
    <ClInclude Include="include\\**\*.*" />
    <ClInclude Include="include\\**\*.*" />
    <ClInclude Include="include\\**\*.*" />
    <ClInclude Include="include\\**\*.*" />
    <ClInclude Include="include\\**\*.*" />
    <ClInclude Include="include\\**\*.*" />
    <ClInclude Include="include\\**\*.*" />
    <ClInclude Include="include\\**\*.*" />
    <ClInclude Include="include\\**\*.*" />
    <ClInclude Include="include\\**\*.*" />
    <ClInclude Include="include\\**\*.*" />
    <ClInclude Include="include\\**\*.*" />
    <ClInclude Include="include\\**\*.*" />
    <ClInclude Include="include\\**\*.*" />
    <ClInclude Include="include\\**\*.*" />
    <ClInclude Include="include\\**\*.*" />
    <ClInclude Include="include\\**\*.*" />
    <ClInclude Include="include\\**\*.*" />
    <ClInclude Include="include\\**\*.*" />
    <ClInclude Include="include\\**\*.*" />
    <ClInclude Include="include\\**\*.*" />
    <ClInclude Include="include\\**\*.*" />
    <ClInclude Include="include\\**\*.*" />
    <ClInclude Include="include\\**\*.*" />
    <ClInclude Include="include\\**\*.*" />
    <ClInclude Include="include\\**\*.*" />
    <ClInclude Include="include\\**\*.*" />
    <ClInclude Include="include\\**\*.*" />
    <ClInclude Include="include\\**\*.*" />
    <ClInclude Include="include\\**\*.*" />
    <ClInclude Include="include\\**\*.*" />
    <ClInclude Include="include\\**\*.*" />
    <ClInclude Include="include\\**\*.*" />
    <ClInclude Include="include\\**\*.*" />
    <ClInclude Include="include\\**\*.*" />
    <ClInclude Include="include\\**\*.*" />
    <ClInclude Include="include\\**\*.*" />
    <ClInclude Include="include\\**\*.*" />
    <ClInclude Include="include\\**\*.*" />
    <ClInclude Include="include\\**\*.*" />
    <ClInclude Include="include\\**\*.*" />
    <ClInclude Include="include\\**\*.*" />
    <ClInclude Include="include\\**\*.*" />
    <ClInclude Include="include\\**\*.*" />
    <ClInclude Include="include\\**\*.*" />
    <ClInclude Include="include\\**\*.*" />
    <ClInclude Include="include\\**\*.*" />
    <ClInclude Include="include\\**\*.*" />
    <ClInclude Include="include\\**\*.*" />
    <ClInclude Include="include\\**\*.*" />
    <ClInclude Include="include\\**\*.*" />
    <ClInclude Include="include\\**\*.*" />
    <ClInclude Include="include\\**\*.*" />
    <ClInclude Include="include\\**\*.*" />
    <ClInclude Include="include\\**\*.*" />
    <ClInclude Include="include\\**\*.*" />
    <ClInclude Include="include\\**\*.*" />
    <ClInclude Include="include\\**\*.*" />
    <ClInclude Include="include\\**\*.*" />
    <ClInclude Include="include\\**\*.*" />
    <ClInclude Include="include\\**\*.*" />
    <ClInclude Include="include\\**\*.*" />
    <ClInclude Include="include\\**\*.*" />
    <ClInclude Include="include\\**\*.*" />
    <ClInclude Include="include\\**\*.*" />
    <ClInclude Include="include\\**\*.*" />
    <ClInclude Include="include\\**\*.*" />
    <ClInclude Include="include\\**\*.*" />
    <ClInclude Include="include\\**\*.*" />
    <ClInclude Include="include\\**\*.*" />
    <ClInclude Include="include\\**\*.*" />
    <ClInclude Include="include\\**\*.*" />
    <ClInclude Include="include\\**\*.*" />
    <ClInclude Include="include\\**\*.*" />
    <ClInclude Include="include\\**\*.*" />
    <ClInclude Include="include\\**\*.*" />
    <ClInclude Include="include\\**\*.*" />
    <ClInclude Include="include\\**\*.*" />
    <ClInclude Include="include\\**\*.*" />
    <ClInclude Include="include\\**\*.*" />
    <ClInclude Include="include\\**\*.*" />
    <ClInclude Include="include\\**\*.*" />
    <ClInclude Include="include\\**\*.*" />
    <ClInclude Include="include\\**\*.*" />
    <ClInclude Include="include\\**\*.*" />
    <ClInclude Include="include\\**\*.*" />
    <ClInclude Include="include\\**\*.*" />
    <ClInclude Include="include\\**\*.*" />
    <ClInclude Include="include\\**\*.*" />
    <ClInclude Include="include\\**\*.*" />
    <ClInclude Include="include\\**\*.*" />
    <ClInclude Include="include\\**\*.*" />
    <ClInclude Include="include\\**\*.*" />
    <ClInclude Include="include\\**\*.*" />
    <ClInclude Include="include\\**\*.*" />
    <ClInclude Include="include\\**\*.*" />
    <ClInclude Include="include\\**\*.*" />
    <ClInclude Include="include\\**\*.*" />
    <ClInclude Include="include\\**\*.*" />
    <ClInclude Include="include\\**\*.*" />
    <ClInclude Include="include\\**\*.*" />
    <ClInclude Include="include\\**\*.*" />
    <ClInclude Include="include\\**\*.*" />
    <ClInclude Include="include\\**\*.*" />
    <ClInclude Include="include\\**\*.*" />
    <ClInclude Include="include\\**\*.*" />
    <ClInclude Include="include\\**\*.*" />
    <ClInclude Include="include\\**\*.*" />
    <ClInclude Include="include\\**\*.*" />
    <ClInclude Include="include\\**\*.*" />
    <ClInclude Include="include\\**\*.*" />
    <ClInclude Include="include\\**\*.*" />
    <ClInclude Include="include\\**\*.*" />
    <ClInclude Include="include\\**\*.*" />
    <ClInclude Include="include\\**\*.*" />
    <ClInclude Include="include\\**\*.*" />
    <ClInclude Include="include\\**\*.*" />
    <ClInclude Include="include\\**\*.*" />
    <ClInclude Include="include\\**\*.*" />
    <ClInclude Include="include\\**\*.*" />
    <ClInclude Include="include\\**\*.*" />
    <ClInclude Include="include\\**\*.*" />
    <ClInclude Include="include\\**\*.*" />
    <ClInclude Include="include\\**\*.*" />
    <ClInclude Include="include\\**\*.*" />
    <ClInclude Include="include\\**\*.*" />
    <ClInclude Include="include\\**\*.*" />
    <ClInclude Include="include\\**\*.*" />
    <ClInclude Include="include\\**\*.*" />
    <ClInclude Include="include\\**\*.*" />
    <ClInclude Include="include\\**\*.*" />
    <ClInclude Include="include\\**\*.*" />
    <ClInclude Include="include\\**\*.*" />
    <ClInclude Include="include\\**\*.*" />
    <ClInclude Include="include\\**\*.*" />
    <ClInclude Include="include\\**\*.*" />
    <ClInclude Include="include\\**\*.*" />
    <ClInclude Include="include\\**\*.*" />
    <ClInclude Include="include\\**\*.*" />
    <ClInclude Include="include\\**\*.*" />
    <ClInclude Include="include\\**\*.*" />
    <ClInclude Include="include\\**\*.*" />
    <ClInclude Include="include\\**\*.*" />
    <ClInclude Include="include\\**\*.*" />
    <ClInclude Include="include\\**\*.*" />
    <ClInclude Include="include\\**\*.*" />
    <ClInclude Include="include\\**\*.*" />
    <ClInclude Include="include\\**\*.*" />
    <ClInclude Include="include\\**\*.*" />
    <ClInclude Include="include\\**\*.*" />
    <ClInclude Include="include\\**\*.*" />
    <ClInclude Include="include\\**\*.*" />
    <ClInclude Include="include\\**\*.*" />
    <ClInclude Include="include\\**\*.*" />
    <ClInclude Include="include\\**\*.*" />
    <ClInclude Include="include\\**\*.*" />
    <ClInclude Include="include\\**\*.*" />
    <ClInclude Include="include\\**\*.*" />
    <ClInclude Include="include\\**\*.*" />
    <ClInclude Include="include\\**\*.*" />
    <ClInclude Include="include\\**\*.*" />
    <ClInclude Include="include\\**\*.*" />
    <ClInclude Include="include\\**\*.*" />
    <ClInclude Include="include\\**\*.*" />
    <ClInclude Include="include\\**\*.*" />
    <ClInclude Include="include\\**\*.*" />
    <ClInclude Include="include\\**\*.*" />
    <ClInclude Include="include\\**\*.*" />
    <ClInclude Include="include\\**\*.*" />
    <ClInclude Include="include\\**\*.*" />
    <ClInclude Include="include\\**\*.*" />
    <ClInclude Include="include\\**\*.*" />
    <ClInclude Include="include\\**\*.*" />
    <ClInclude Include="include\\**\*.*" />
    <ClInclude Include="include\\**\*.*" />
    <ClInclude Include="include\\**\*.*" />
    <ClInclude Include="include\\**\*.*" />
    <ClInclude Include="include\\**\*.*" />
    <ClInclude Include="include\\**\*.*" />
    <ClInclude Include="include\\**\*.*" />
    <ClInclude Include="include\\**\*.*" />
    <ClInclude Include="include\\**\*.*" />
    <ClInclude Include="include\\**\*.*" />
    <ClInclude Include="include\\**\*.*" />
    <ClInclude Include="include\\**\*.*" />
    <ClInclude Include="include\\**\*.*" />
    <ClInclude Include="include\\**\*.*" />
    <ClInclude Include="include\\**\*.*" />
    <ClInclude Include="include\\**\*.*" />
    <ClInclude Include="include\\**\*.*" />
    <ClInclude Include="include\\**\*.*" />
    <ClInclude Include="include\\**\*.*" />
    <ClInclude Include="include\\**\*.*" />
    <ClInclude Include="include\\**\*.*" />
    <ClInclude Include="include\\**\*.*" />
    <ClInclude Include="include\\**\*.*" />
    <ClInclude Include="include\\**\*.*" />
    <ClInclude Include="include\\**\*.*" />
    <ClInclude Include="include\\**\*.*" />
    <ClInclude Include="include\\**\*.*" />
    <ClInclude Include="include\\**\*.*" />
    <ClInclude Include="include\\**\*.*" />
    <ClInclude Include="include\\**\*.*" />
    <ClInclude Include="include\\**\*.*" />
    <ClInclude Include="include\\**\*.*" />
    <ClInclude Include="include\\**\*.*" />
    <ClInclude Include="include\\**\*.*" />
    <ClInclude Include="include\\**\*.*" />
    <ClInclude Include="include\\**\*.*" />
    <ClInclude Include="include\\**\*.*" />
    <ClInclude Include="include\\**\*.*" />
    <ClInclude Include="include\\**\*.*" />
    <ClInclude Include="include\\**\*.*" />
    <ClInclude Include="include\\**\*.*" />
    <ClInclude Include="include\\**\*.*" />
    <ClInclude Include="include\\**\*.*" />
    <ClInclude Include="include\\**\*.*" />
    <ClInclude Include="include\\**\*.*" />
    <ClInclude Include="include\\**\*.*" />
    <ClInclude Include="include\\**\*.*" />
    <ClInclude Include="include\\**\*.*" />
    <ClInclude Include="include\\**\*.*" />
    <ClInclude Include="include\\**\*.*" />
    <ClInclude Include="include\\**\*.*" />
    <ClInclude Include="include\\**\*.*" />
    <ClInclude Include="include\\**\*.*" />
    <ClInclude Include="include\\**\*.*" />
    <ClInclude Include="include\\**\*.*" />
    <ClInclude Include="include\\**\*.*" />
    <ClInclude Include="include\\**\*.*" />
    <ClInclude Include="include\\**\*.*" />
    <ClInclude Include="include\\**\*.*" />
    <ClInclude Include="include\\**\*.*" />
    <ClInclude Include="include\\**\*.*" />
    <ClInclude Include="include\\**\*.*" />
    <ClInclude Include="include\\**\*.*" />
    <ClInclude Include="include\\**\*.*" />
    <ClInclude Include="include\\**\*.*" />
    <ClInclude Include="include\\**\*.*" />
    <ClInclude Include="include\\**\*.*" />
    <ClInclude Include="include\\**\*.*" />
    <ClInclude Include="include\\**\*.*" />
    <ClInclude Include="include\\**\*.*" />
    <ClInclude Include="include\\**\*.*" />
    <ClInclude Include="include\\**\*.*" />
    <ClInclude Include="include\\**\*.*" />
    <ClInclude Include="include\\**\*.*" />
    <ClInclude Include="include\\**\*.*" />
    <ClInclude Include="include\\**\*.*" />
    <ClInclude Include="include\\**\*.*" />
    <ClInclude Include="include\\**\*.*" />
    <ClInclude Include="include\\**\*.*" />
    <ClInclude Include="include\\**\*.*" />
    <ClInclude Include="include\\**\*.*" />
    <ClInclude Include="include\\**\*.*" />
    <ClInclude Include="include\\**\*.*" />
    <ClInclude Include="include\\**\*.*" />
    <ClInclude Include="include\\**\*.*" />
    <ClInclude Include="include\\**\*.*" />
    <ClInclude Include="include\\**\*.*" />
    <ClInclude Include="include\\**\*.*" />
    <ClInclude Include="include\\**\*.*" />
    <ClInclude Include="include\\**\*.*" />
    <ClInclude Include="include\\**\*.*" />
    <ClInclude Include="include\\**\*.*" />
    <ClInclude Include="include\\**\*.*" />
    <ClInclude Include="include\\**\*.*" />
    <ClInclude Include="include\\**\*.*" />
    <ClInclude Include="include\\**\*.*" />
    <ClInclude Include="include\\**\*.*" />
    <ClInclude Include="include\\**\*.*" />
    <ClInclude Include="include\\**\*.*" />
    <ClInclude Include="include\\**\*.*" />
    <ClInclude Include="include\\**\*.*" />
    <ClInclude Include="include\\**\*.*" />
    <ClInclude Include="include\\**\*.*" />
    <ClInclude Include="include\\**\*.*" />
    <ClInclude Include="include\\**\*.*" />
    <ClInclude Include="include\\**\*.*" />
    <ClInclude Include="include\\**\*.*" />
    <ClInclude Include="include\\**\*.*" />
    <ClInclude Include="include\\**\*.*" />
    <ClInclude Include="include\\**\*.*" />
    <ClInclude Include="include\\**\*.*" />
    <ClInclude Include="include\\**\*.*" />
    <ClInclude Include="include\\**\*.*" />
    <ClInclude Include="include\\**\*.*" />
    <ClInclude Include="include\\**\*.*" />
    <ClInclude Include="include\\**\*.*" />
    <ClInclude Include="include\\**\*.*" />
    <ClInclude Include="include\\**\*.*" />
    <ClInclude Include="include\\**\*.*" />
    <ClInclude Include="include\\**\*.*" />
    <ClInclude Include="include\\**\*.*" />
    <ClInclude Include="include\\**\*.*" />
    <ClInclude Include="include\\**\*.*" />
    <ClInclude Include="include\\**\*.*" />
    <ClInclude Include="include\\**\*.*" />
    <ClInclude Include="include\\**\*.*" />
    <ClInclude Include="include\\**\*.*" />
    <ClInclude Include="include\\**\*.*" />
    <ClInclude Include="include\\**\*.*" />
    <ClInclude Include="include\\**\*.*" />
    <ClInclude Include="include\\**\*.*" />
    <ClInclude Include="include\\**\*.*" />
    <ClInclude Include="include\\**\*.*" />
    <ClInclude Include="include\\**\*.*" />
    <ClInclude Include="include\\**\*.*" />
    <ClInclude Include="include\\**\*.*" />
    <ClInclude Include="include\\**\*.*" />
    <ClInclude Include="include\\**\*.*" />
    <ClInclude Include="include\\**\*.*" />
    <ClInclude Include="include\\**\*.*" />
    <ClInclude Include="include\\**\*.*" />
    <ClInclude Include="include\\**\*.*" />
    <ClInclude Include="include\\**\*.*" />
    <ClInclude Include="include\\**\*.*" />
    <ClInclude Include="include\\**\*.*" />
    <ClInclude Include="include\\**\*.*" />
    <ClInclude Include="include\\**\*.*" />
    <ClInclude Include="include\\**\*.*" />
    <ClInclude Include="include\\**\*.*" />
    <ClInclude Include="include\\**\*.*" />
    <ClInclude Include="include\\**\*.*" />
    <ClInclude Include="include\\**\*.*" />
    <ClInclude Include="include\\**\*.*" />
    <ClInclude Include="include\\**\*.*" />
    <ClInclude Include="include\\**\*.*" />
    <ClInclude Include="include\\**\*.*" />
    <ClInclude Include="include\\**\*.*" />
    <ClInclude Include="include\\**\*.*" />
    <ClInclude Include="include\\**\*.*" />
    <ClInclude Include="include\\**\*.*" />
    <ClInclude Include="include\\**\*.*" />
    <ClInclude Include="include\\**\*.*" />
    <ClInclude Include="include\\**\*.*" />
    <ClInclude Include="include\\**\*.*" />
    <ClInclude Include="include\\**\*.*" />
    <ClInclude Include="include\\**\*.*" />
    <ClInclude Include="include\\**\*.*" />
    <ClInclude Include="include\\**\*.*" />
    <ClInclude Include="include\\**\*.*" />
    <ClInclude Include="include\\**\*.*" />
    <ClInclude Include="include\\**\*.*" />
    <ClInclude Include="include\\**\*.*" />
    <ClInclude Include="include\\**\*.*" />
  </ItemGroup>
  <ItemGroup>
    <Library Include="lib\libglfw3.a" />
    <Library Include="lib\libglfw3dll.a" />
    <Library Include="lib\assimp-vc140-mt.lib" />
    <Library Include="lib\glfw3dll.lib" />
    <Library Include="lib\glfw3.lib" />
    <Library Include="lib\freetype.lib" />
  </ItemGroup>
</Project>